# This file is autogenerated, do not edit; changes may be undone by the next 'dep ensure'.


[[projects]]
  digest = "1:b5f28f7eda54d2695765c778c951a2ace52c06afb7da1f7e0c7485baa5b02100"
  name = "github.com/beevik/etree"
  packages = ["."]
  pruneopts = ""
  revision = "9d7e8feddccb4ed1b8afb54e368bd323d2ff652c"
  version = "v1.0.1"

[[projects]]
  digest = "1:512883404c2a99156e410e9880e3bb35ecccc0c07c1159eb204b5f3ef3c431b3"
  name = "github.com/bitly/go-simplejson"
  packages = ["."]
  pruneopts = ""
  revision = "aabad6e819789e569bd6aabf444c935aa9ba1e44"
  version = "v0.5.0"

[[projects]]
  digest = "1:c9bebdae4ac52d0c3bbe5876de3d72f3bb05b4986865cdb3f15e305e1dc4fbca"
  name = "github.com/fatih/color"
  packages = ["."]
  pruneopts = ""
  revision = "570b54cabe6b8eb0bc2dfce68d964677d63b5260"
  version = "v1.5.0"

[[projects]]
  digest = "1:21b51f6c630cb79b55f073a1812c3b09ab0e20f457932eb0b7dfcbea517dbdc6"
  name = "github.com/google/go-github"
  packages = ["github"]
  pruneopts = ""
  revision = "173908142398084e14d7f14c39924f0004d43679"

[[projects]]
  digest = "1:9abc49f39e3e23e262594bb4fb70abf74c0c99e94f99153f43b143805e850719"
  name = "github.com/google/go-querystring"
  packages = ["query"]
  pruneopts = ""
  revision = "53e6ce116135b80d037921a7fdd5138cf32d7a8a"

[[projects]]
  digest = "1:302ad9379eb146668760df4d779a95379acab43ce5f9a28f27f3273f98232020"
  name = "github.com/jonboulle/clockwork"
  packages = ["."]
  pruneopts = ""
  revision = "2eee05ed794112d45db504eb05aa693efd2b8b09"
  version = "v0.1.0"

[[projects]]
  digest = "1:9ea83adf8e96d6304f394d40436f2eb44c1dc3250d223b74088cc253a6cd0a1c"
  name = "github.com/mattn/go-colorable"
  packages = ["."]
  pruneopts = ""
  revision = "167de6bfdfba052fa6b2d3664c8f5272e23c9072"
  version = "v0.0.9"

[[projects]]
  digest = "1:78229b46ddb7434f881390029bd1af7661294af31f6802e0e1bedaad4ab0af3c"
  name = "github.com/mattn/go-isatty"
  packages = ["."]
  pruneopts = ""
  revision = "0360b2af4f38e8d38c7fce2a9f4e702702d73a39"
  version = "v0.0.3"

[[projects]]
  digest = "1:81e673df85e765593a863f67cba4544cf40e8919590f04d67664940786c2b61a"
  name = "github.com/mattn/go-runewidth"
  packages = ["."]
  pruneopts = ""
  revision = "9e777a8366cce605130a531d2cd6363d07ad7317"
  version = "v0.0.2"

[[projects]]
  branch = "master"
  digest = "1:6e61de1700bbf3fb3e23825ac7806caddd20e61f07677b640b13a5e3676c1baa"
  name = "github.com/nsf/termbox-go"
  packages = ["."]
  pruneopts = ""
  revision = "aa4a75b1c20a2b03751b1a9f7e41d58bd6f71c43"

[[projects]]
  branch = "master"
  digest = "1:2e365b420bb2337d21c743ec4541eb6da43b7475d7ae11f757b32a17f61fda3b"
  name = "github.com/nwidger/jsoncolor"
  packages = ["."]
  pruneopts = ""
  revision = "75a6de4340e59be95f0884b9cebdda246e0fdf40"

[[projects]]
  digest = "1:7365acd48986e205ccb8652cc746f09c8b7876030d53710ea6ef7d0bd0dcd7ca"
  name = "github.com/pkg/errors"
  packages = ["."]
  pruneopts = ""
  revision = "645ef00459ed84a119197bfb8d8205042c6df63d"
  version = "v0.8.0"

[[projects]]
  digest = "1:9ecbc117f394faf3d73cca118f469b81e64c5cf090c8435124003dcbfb09c140"
  name = "github.com/russellhaering/gosaml2"
  packages = [
    ".",
    "types",
    "uuid",
  ]
  pruneopts = ""
  revision = "7dc4b1114ccd85cecb49e891c1b6ac747f38fa44"
  source = "github.com/ivilimon/gosaml2"

[[projects]]
  branch = "master"
  digest = "1:3a63d21f9c90d17c31e506b23b9267f97918e24303125e1eae6108c623296875"
  name = "github.com/russellhaering/goxmldsig"
  packages = [
    ".",
    "etreeutils",
    "types",
  ]
  pruneopts = ""
  revision = "7acd5e4a6ef74fe1b082c20f119556adf70c3944"

[[projects]]
  digest = "1:a5fee807b524b3e3c52fe64cd4407ed0583e937ed7047392cb37e7896ea6ebf1"
  name = "github.com/simeji/jid"
  packages = ["."]
  pruneopts = ""
  revision = "9090f06e9643aa1a4e95904a4ebbd6d186b3a20f"
  version = "0.7.2"

[[projects]]
  digest = "1:104dab826917dbe4d386b373925906d2087f4e2c2a0984f303fb586b8f1e715f"
  name = "github.com/square/go-jose"
  packages = [
    ".",
    "cipher",
    "json",
  ]
  pruneopts = ""
  revision = "7f0dd807d3f3d73bb536898cb7980ddf638ce69a"

[[projects]]
  branch = "master"
  digest = "1:98b8ffea3fbb87f7bbaabca43d62f3a3623e6e037f1fe5b88a5895d742aee502"
  name = "github.com/srcclr/efda"
  packages = [
    "golang/dep/dep-override/sub",
    "golang/dep/dep-override/sub2",
  ]
  pruneopts = ""
  revision = "03020952c95ae0fccc3eff6899071aeea0f95f96"

[[projects]]
  branch = "master"
  digest = "1:fb9c60108aa8a0c8571f568c05fe8f3be347cf30b6b05d86beda7d7223ff88c8"
  name = "golang.org/x/sys"
  packages = ["unix"]
  pruneopts = ""
  revision = "074acd46bca67915925527c07849494d115e7c43"

[solve-meta]
  analyzer-name = "dep"
  analyzer-version = 1
  input-imports = [
    "github.com/google/go-github/github",
    "github.com/google/go-querystring/query",
    "github.com/russellhaering/gosaml2",
    "github.com/simeji/jid",
    "github.com/square/go-jose",
    "github.com/srcclr/efda/golang/dep/dep-override/sub",
    "github.com/srcclr/efda/golang/dep/dep-override/sub2",
  ]
  solver-name = "gps-cdcl"
  solver-version = 1
