# THIS IS AN AUTOGENERATED FILE. DO NOT EDIT THIS FILE DIRECTLY.
# yarn lockfile v1


accepts@1.1.4:
  version "1.1.4"
  resolved "https://registry.yarnpkg.com/accepts/-/accepts-1.1.4.tgz#d71c96f7d41d0feda2c38cd14e8a27c04158df4a"
  dependencies:
    mime-types "~2.0.4"
    negotiator "0.4.9"

accepts@~1.2.12:
  version "1.2.13"
  resolved "https://registry.yarnpkg.com/accepts/-/accepts-1.2.13.tgz#e5f1f3928c6d95fd96558c36ec3d9d0de4a6ecea"
  dependencies:
    mime-types "~2.1.6"
    negotiator "0.5.3"

after@0.8.1:
  version "0.8.1"
  resolved "https://registry.yarnpkg.com/after/-/after-0.8.1.tgz#ab5d4fb883f596816d3515f8f791c0af486dd627"

amdefine@>=0.0.4:
  version "1.0.1"
  resolved "https://registry.yarnpkg.com/amdefine/-/amdefine-1.0.1.tgz#4a5282ac164729e93619bcfd3ad151f817ce91f5"

array-flatten@1.1.1:
  version "1.1.1"
  resolved "https://registry.yarnpkg.com/array-flatten/-/array-flatten-1.1.1.tgz#9a5f699051b1e7073328f2a008968b64ea2955d2"

arraybuffer.slice@0.0.6:
  version "0.0.6"
  resolved "https://registry.yarnpkg.com/arraybuffer.slice/-/arraybuffer.slice-0.0.6.tgz#f33b2159f0532a3f3107a272c0ccfbd1ad2979ca"

backo2@1.0.2:
  version "1.0.2"
  resolved "https://registry.yarnpkg.com/backo2/-/backo2-1.0.2.tgz#31ab1ac8b129363463e35b3ebb69f4dfcfba7947"

balanced-match@^1.0.0:
  version "1.0.0"
  resolved "https://registry.yarnpkg.com/balanced-match/-/balanced-match-1.0.0.tgz#89b4d199ab2bee49de164ea02b89ce462d71b767"

base64-arraybuffer@0.1.2:
  version "0.1.2"
  resolved "https://registry.yarnpkg.com/base64-arraybuffer/-/base64-arraybuffer-0.1.2.tgz#474df4a9f2da24e05df3158c3b1db3c3cd46a154"

base64id@0.1.0:
  version "0.1.0"
  resolved "https://registry.yarnpkg.com/base64id/-/base64id-0.1.0.tgz#02ce0fdeee0cef4f40080e1e73e834f0b1bfce3f"

benchmark@1.0.0:
  version "1.0.0"
  resolved "https://registry.yarnpkg.com/benchmark/-/benchmark-1.0.0.tgz#2f1e2fa4c359f11122aa183082218e957e390c73"

better-assert@~1.0.0:
  version "1.0.2"
  resolved "https://registry.yarnpkg.com/better-assert/-/better-assert-1.0.2.tgz#40866b9e1b9e0b55b481894311e68faffaebc522"
  dependencies:
    callsite "1.0.0"

blob@0.0.4:
  version "0.0.4"
  resolved "https://registry.yarnpkg.com/blob/-/blob-0.0.4.tgz#bcf13052ca54463f30f9fc7e95b9a47630a94921"

boom@:
  version "6.0.0"
  resolved "https://registry.yarnpkg.com/boom/-/boom-6.0.0.tgz#9b36c52a12afab3f0e55536131b7fd5021aad0cc"
  dependencies:
    hoek "5.x.x"

brace-expansion@^1.1.7:
  version "1.1.8"
  resolved "https://registry.yarnpkg.com/brace-expansion/-/brace-expansion-1.1.8.tgz#c07b211c7c952ec1f8efd51a77ef0d1d3990a292"
  dependencies:
    balanced-match "^1.0.0"
    concat-map "0.0.1"

callsite@1.0.0:
  version "1.0.0"
  resolved "https://registry.yarnpkg.com/callsite/-/callsite-1.0.0.tgz#280398e5d664bd74038b6f0905153e6e8af1bc20"

camel-case@3.0.x:
  version "3.0.0"
  resolved "https://registry.yarnpkg.com/camel-case/-/camel-case-3.0.0.tgz#ca3c3688a4e9cf3a4cda777dc4dcbc713249cf73"
  dependencies:
    no-case "^2.2.0"
    upper-case "^1.1.1"

checkup@~1.3.0:
  version "1.3.0"
  resolved "https://registry.yarnpkg.com/checkup/-/checkup-1.3.0.tgz#d3800276fea5d0f247ffc951be78c8b02f8e0d76"

clean-css@4.1.x:
  version "4.1.9"
  resolved "https://registry.yarnpkg.com/clean-css/-/clean-css-4.1.9.tgz#35cee8ae7687a49b98034f70de00c4edd3826301"
  dependencies:
    source-map "0.5.x"

clean-css@~3.4.1:
  version "3.4.28"
  resolved "https://registry.yarnpkg.com/clean-css/-/clean-css-3.4.28.tgz#bf1945e82fc808f55695e6ddeaec01400efd03ff"
  dependencies:
    commander "2.8.x"
    source-map "0.4.x"

coffee-script@~1.6.3:
  version "1.6.3"
  resolved "https://registry.yarnpkg.com/coffee-script/-/coffee-script-1.6.3.tgz#6355d32cf1b04cdff6b484e5e711782b2f0c39be"

commander@2.11.x, commander@~2.11.0:
  version "2.11.0"
  resolved "https://registry.yarnpkg.com/commander/-/commander-2.11.0.tgz#157152fd1e7a6c8d98a5b715cf376df928004563"

commander@2.8.x:
  version "2.8.1"
  resolved "https://registry.yarnpkg.com/commander/-/commander-2.8.1.tgz#06be367febfda0c330aa1e2a072d3dc9762425d4"
  dependencies:
    graceful-readlink ">= 1.0.0"

component-bind@1.0.0:
  version "1.0.0"
  resolved "https://registry.yarnpkg.com/component-bind/-/component-bind-1.0.0.tgz#00c608ab7dcd93897c0009651b1d3a8e1e73bbd1"

component-emitter@1.1.2:
  version "1.1.2"
  resolved "https://registry.yarnpkg.com/component-emitter/-/component-emitter-1.1.2.tgz#296594f2753daa63996d2af08d15a95116c9aec3"

component-emitter@1.2.0:
  version "1.2.0"
  resolved "https://registry.yarnpkg.com/component-emitter/-/component-emitter-1.2.0.tgz#ccd113a86388d06482d03de3fc7df98526ba8efe"

component-inherit@0.0.3:
  version "0.0.3"
  resolved "https://registry.yarnpkg.com/component-inherit/-/component-inherit-0.0.3.tgz#645fc4adf58b72b649d5cae65135619db26ff143"

concat-map@0.0.1:
  version "0.0.1"
  resolved "https://registry.yarnpkg.com/concat-map/-/concat-map-0.0.1.tgz#d8a96bd77fd68df7793a73036a3ba0d5405d477b"

console-io@2.6.3:
  version "2.6.3"
  resolved "https://registry.yarnpkg.com/console-io/-/console-io-2.6.3.tgz#8b4acbac6d8a704cff80e048a0dd1ed32b058506"
  dependencies:
    debug "~2.2.0"
    express "~4.13.0"
    join-io "~1.4.0"
    mollify "~1.0.3"
    rendy "~1.1.0"
    socket.io "~1.4.3"
    spawnify "~2.2.0"

content-disposition@0.5.1:
  version "0.5.1"
  resolved "https://registry.yarnpkg.com/content-disposition/-/content-disposition-0.5.1.tgz#87476c6a67c8daa87e32e87616df883ba7fb071b"

content-type@~1.0.1:
  version "1.0.4"
  resolved "https://registry.yarnpkg.com/content-type/-/content-type-1.0.4.tgz#e138cc75e040c727b1966fe5e5f8c9aee256fe3b"

cookie-signature@1.0.2:
  version "1.0.2"
  resolved "https://registry.yarnpkg.com/cookie-signature/-/cookie-signature-1.0.2.tgz#3d8ed55a70e4bcd474f699af0d03b5b652fe85ba"

cookie-signature@1.0.6:
  version "1.0.6"
  resolved "https://registry.yarnpkg.com/cookie-signature/-/cookie-signature-1.0.6.tgz#e303a882b342cc3ee8ca513a79999734dab3ae2c"

cookie@0.1.5:
  version "0.1.5"
  resolved "https://registry.yarnpkg.com/cookie/-/cookie-0.1.5.tgz#6ab9948a4b1ae21952cd2588530a4722d4044d7c"

css-b64-images@~0.2.5:
  version "0.2.5"
  resolved "https://registry.yarnpkg.com/css-b64-images/-/css-b64-images-0.2.5.tgz#42005d83204b2b4a5d93b6b1a5644133b5927a02"

currify@^2.0.4:
  version "2.0.6"
  resolved "https://registry.yarnpkg.com/currify/-/currify-2.0.6.tgz#86064386778e315c043382d53ba278efc6a9ef87"

debug@0.7.4:
  version "0.7.4"
  resolved "https://registry.yarnpkg.com/debug/-/debug-0.7.4.tgz#06e1ea8082c2cb14e39806e22e2f6f757f92af39"

debug@2.2.0, debug@~2.2.0:
  version "2.2.0"
  resolved "https://registry.yarnpkg.com/debug/-/debug-2.2.0.tgz#f87057e995b1a1f6ae6a4960664137bc56f039da"
  dependencies:
    ms "0.7.1"

debug@^2.3.0, debug@^2.6.8:
  version "2.6.9"
  resolved "https://registry.yarnpkg.com/debug/-/debug-2.6.9.tgz#5d128515df134ff327e90a4c93f4e077a536341f"
  dependencies:
    ms "2.0.0"

debug@^3.0.0:
  version "3.1.0"
  resolved "https://registry.yarnpkg.com/debug/-/debug-3.1.0.tgz#5bb5a0672628b64149566ba16819e61518c67261"
  dependencies:
    ms "2.0.0"

depd@~1.1.0:
  version "1.1.1"
  resolved "https://registry.yarnpkg.com/depd/-/depd-1.1.1.tgz#5783b4e1c459f06fa5ca27f991f3d06e7a310359"

destroy@~1.0.4:
  version "1.0.4"
  resolved "https://registry.yarnpkg.com/destroy/-/destroy-1.0.4.tgz#978857442c44749e4206613e37946205826abd80"

ee-first@1.1.1:
  version "1.1.1"
  resolved "https://registry.yarnpkg.com/ee-first/-/ee-first-1.1.1.tgz#590c61156b0ae2f4f0255732a158b266bc56b21d"

engine.io-client@1.6.11:
  version "1.6.11"
  resolved "https://registry.yarnpkg.com/engine.io-client/-/engine.io-client-1.6.11.tgz#7d250d8fa1c218119ecde51390458a57d5171376"
  dependencies:
    component-emitter "1.1.2"
    component-inherit "0.0.3"
    debug "2.2.0"
    engine.io-parser "1.2.4"
    has-cors "1.1.0"
    indexof "0.0.1"
    parsejson "0.0.1"
    parseqs "0.0.2"
    parseuri "0.0.4"
    ws "1.0.1"
    xmlhttprequest-ssl "1.5.1"
    yeast "0.1.2"

engine.io-parser@1.2.4:
  version "1.2.4"
  resolved "https://registry.yarnpkg.com/engine.io-parser/-/engine.io-parser-1.2.4.tgz#e0897b0bf14e792d4cd2a5950553919c56948c42"
  dependencies:
    after "0.8.1"
    arraybuffer.slice "0.0.6"
    base64-arraybuffer "0.1.2"
    blob "0.0.4"
    has-binary "0.1.6"
    utf8 "2.1.0"

engine.io@1.6.11:
  version "1.6.11"
  resolved "https://registry.yarnpkg.com/engine.io/-/engine.io-1.6.11.tgz#2533a97a65876c40ffcf95397b7ef9b495c423fe"
  dependencies:
    accepts "1.1.4"
    base64id "0.1.0"
    debug "2.2.0"
    engine.io-parser "1.2.4"
    ws "1.1.0"

escape-html@~1.0.3:
  version "1.0.3"
  resolved "https://registry.yarnpkg.com/escape-html/-/escape-html-1.0.3.tgz#0258eae4d3d0c0974de1c169188ef0051d1d1988"

etag@~1.7.0:
  version "1.7.0"
  resolved "https://registry.yarnpkg.com/etag/-/etag-1.7.0.tgz#03d30b5f67dd6e632d2945d30d6652731a34d5d8"

execon@^1.2.0, execon@^1.2.9, execon@~1.2.0:
  version "1.2.9"
  resolved "https://registry.yarnpkg.com/execon/-/execon-1.2.9.tgz#6db11333dcc824f1f13e7317fed0d94a2f26491f"

express@~4.13.0:
  version "4.13.4"
  resolved "https://registry.yarnpkg.com/express/-/express-4.13.4.tgz#3c0b76f3c77590c8345739061ec0bd3ba067ec24"
  dependencies:
    accepts "~1.2.12"
    array-flatten "1.1.1"
    content-disposition "0.5.1"
    content-type "~1.0.1"
    cookie "0.1.5"
    cookie-signature "1.0.6"
    debug "~2.2.0"
    depd "~1.1.0"
    escape-html "~1.0.3"
    etag "~1.7.0"
    finalhandler "0.4.1"
    fresh "0.3.0"
    merge-descriptors "1.0.1"
    methods "~1.1.2"
    on-finished "~2.3.0"
    parseurl "~1.3.1"
    path-to-regexp "0.1.7"
    proxy-addr "~1.0.10"
    qs "4.0.0"
    range-parser "~1.0.3"
    send "0.13.1"
    serve-static "~1.10.2"
    type-is "~1.6.6"
    utils-merge "1.0.0"
    vary "~1.0.1"

extendy@^1.0.0, extendy@~1.0.0:
  version "1.0.1"
  resolved "https://registry.yarnpkg.com/extendy/-/extendy-1.0.1.tgz#d82e98a675822e8221a2e46bd3e872a3457e9ee6"

files-io@^1.2.0:
  version "1.2.8"
  resolved "https://registry.yarnpkg.com/files-io/-/files-io-1.2.8.tgz#d70da421f3b4d0c4b0f0fe7c7615f2426fc499d1"
  dependencies:
    extendy "~1.0.0"
    itype "^2.0.0"
    pipe-io "^2.0.1"

finalhandler@0.4.1:
  version "0.4.1"
  resolved "https://registry.yarnpkg.com/finalhandler/-/finalhandler-0.4.1.tgz#85a17c6c59a94717d262d61230d4b0ebe3d4a14d"
  dependencies:
    debug "~2.2.0"
    escape-html "~1.0.3"
    on-finished "~2.3.0"
    unpipe "~1.0.0"

forwarded@~0.1.0:
  version "0.1.2"
  resolved "https://registry.yarnpkg.com/forwarded/-/forwarded-0.1.2.tgz#98c23dab1175657b8c0573e8ceccd91b0ff18c84"

fresh@0.3.0:
  version "0.3.0"
  resolved "https://registry.yarnpkg.com/fresh/-/fresh-0.3.0.tgz#651f838e22424e7566de161d8358caa199f83d4f"

fs.realpath@^1.0.0:
  version "1.0.0"
  resolved "https://registry.yarnpkg.com/fs.realpath/-/fs.realpath-1.0.0.tgz#1504ad2523158caa40db4a2787cb01411994ea4f"

glob@~7.0.0:
  version "7.0.6"
  resolved "https://registry.yarnpkg.com/glob/-/glob-7.0.6.tgz#211bafaf49e525b8cd93260d14ab136152b3f57a"
  dependencies:
    fs.realpath "^1.0.0"
    inflight "^1.0.4"
    inherits "2"
    minimatch "^3.0.2"
    once "^1.3.0"
    path-is-absolute "^1.0.0"

"graceful-readlink@>= 1.0.0":
  version "1.0.1"
  resolved "https://registry.yarnpkg.com/graceful-readlink/-/graceful-readlink-1.0.1.tgz#4cafad76bc62f02fa039b2f94e9a3dd3a391a725"

has-binary@0.1.6:
  version "0.1.6"
  resolved "https://registry.yarnpkg.com/has-binary/-/has-binary-0.1.6.tgz#25326f39cfa4f616ad8787894e3af2cfbc7b6e10"
  dependencies:
    isarray "0.0.1"

has-binary@0.1.7:
  version "0.1.7"
  resolved "https://registry.yarnpkg.com/has-binary/-/has-binary-0.1.7.tgz#68e61eb16210c9545a0a5cce06a873912fe1e68c"
  dependencies:
    isarray "0.0.1"

has-cors@1.1.0:
  version "1.1.0"
  resolved "https://registry.yarnpkg.com/has-cors/-/has-cors-1.1.0.tgz#5e474793f7ea9843d1bb99c23eef49ff126fff39"

he@1.1.x:
  version "1.1.1"
  resolved "https://registry.yarnpkg.com/he/-/he-1.1.1.tgz#93410fd21b009735151f8868c2f271f3427e23fd"

hoek@5.x.x:
  version "5.0.1"
  resolved "https://registry.yarnpkg.com/hoek/-/hoek-5.0.1.tgz#1fcd75e6cbfe964eac808162a8a82ad3445a8592"

html-minifier@^3.0.1:
  version "3.5.6"
  resolved "https://registry.yarnpkg.com/html-minifier/-/html-minifier-3.5.6.tgz#7e4e661a09999599c7d8e8a2b8d7fb7430bb5c3e"
  dependencies:
    camel-case "3.0.x"
    clean-css "4.1.x"
    commander "2.11.x"
    he "1.1.x"
    ncname "1.0.x"
    param-case "2.1.x"
    relateurl "0.2.x"
    uglify-js "3.1.x"

http-errors@~1.3.1:
  version "1.3.1"
  resolved "https://registry.yarnpkg.com/http-errors/-/http-errors-1.3.1.tgz#197e22cdebd4198585e8694ef6786197b91ed942"
  dependencies:
    inherits "~2.0.1"
    statuses "1"

indexof@0.0.1:
  version "0.0.1"
  resolved "https://registry.yarnpkg.com/indexof/-/indexof-0.0.1.tgz#82dc336d232b9062179d05ab3293a66059fd435d"

inflight@^1.0.4:
  version "1.0.6"
  resolved "https://registry.yarnpkg.com/inflight/-/inflight-1.0.6.tgz#49bd6331d7d02d0c09bc910a1075ba8165b56df9"
  dependencies:
    once "^1.3.0"
    wrappy "1"

inherits@2, inherits@~2.0.1:
  version "2.0.3"
  resolved "https://registry.yarnpkg.com/inherits/-/inherits-2.0.3.tgz#633c2c83e3da42a502f52466022480f4208261de"

ipaddr.js@1.0.5:
  version "1.0.5"
  resolved "https://registry.yarnpkg.com/ipaddr.js/-/ipaddr.js-1.0.5.tgz#5fa78cf301b825c78abc3042d812723049ea23c7"

isarray@0.0.1:
  version "0.0.1"
  resolved "https://registry.yarnpkg.com/isarray/-/isarray-0.0.1.tgz#8a18acfca9a8f4177e09abfc6038939b05d1eedf"

ischanged@~1.0.7:
  version "1.0.18"
  resolved "https://registry.yarnpkg.com/ischanged/-/ischanged-1.0.18.tgz#20567fa6cb0181c56b99edb3cfc18cadb19661c4"
  dependencies:
    checkup "~1.3.0"
    debug "^2.3.0"
    mkdirp "~0.5.0"
    readjson "~1.1.0"
    timem "~1.1.0"
    writejson "~1.1.0"

itype@^2.0.0:
  version "2.0.3"
  resolved "https://registry.yarnpkg.com/itype/-/itype-2.0.3.tgz#b49789166185eddcfc8d306691102c5b7e2d27a9"

join-io@~1.4.0:
  version "1.4.6"
  resolved "https://registry.yarnpkg.com/join-io/-/join-io-1.4.6.tgz#f3217be21300784b04693a97cb1783b6f9db5bec"
  dependencies:
    currify "^2.0.4"
    execon "^1.2.0"
    files-io "^1.2.0"
    minify "^2.0.0"
    ponse "^1.4.1"

jquery@3.0.0-alpha1:
  version "3.0.0-alpha1"
  resolved "https://registry.yarnpkg.com/jquery/-/jquery-3.0.0-alpha1.tgz#3493d672266e21c2dffb2714f935448edebe3c62"

json3@3.2.6:
  version "3.2.6"
  resolved "https://registry.yarnpkg.com/json3/-/json3-3.2.6.tgz#f6efc93c06a04de9aec53053df2559bb19e2038b"

json3@3.3.2:
  version "3.3.2"
  resolved "https://registry.yarnpkg.com/json3/-/json3-3.3.2.tgz#3c0434743df93e2f5c42aee7b19bcb483575f4e1"

lower-case@^1.1.1:
  version "1.1.4"
  resolved "https://registry.yarnpkg.com/lower-case/-/lower-case-1.1.4.tgz#9a2cabd1b9e8e0ae993a4bf7d5875c39c42e8eac"

media-typer@0.3.0:
  version "0.3.0"
  resolved "https://registry.yarnpkg.com/media-typer/-/media-typer-0.3.0.tgz#8710d7af0aa626f8fffa1ce00168545263255748"

merge-descriptors@1.0.1:
  version "1.0.1"
  resolved "https://registry.yarnpkg.com/merge-descriptors/-/merge-descriptors-1.0.1.tgz#b00aaa556dd8b44568150ec9d1b953f3f90cbb61"

methods@~1.1.2:
  version "1.1.2"
  resolved "https://registry.yarnpkg.com/methods/-/methods-1.1.2.tgz#5529a4d67654134edcc5266656835b0f851afcee"

mime-db@~1.12.0:
  version "1.12.0"
  resolved "https://registry.yarnpkg.com/mime-db/-/mime-db-1.12.0.tgz#3d0c63180f458eb10d325aaa37d7c58ae312e9d7"

mime-db@~1.30.0:
  version "1.30.0"
  resolved "https://registry.yarnpkg.com/mime-db/-/mime-db-1.30.0.tgz#74c643da2dd9d6a45399963465b26d5ca7d71f01"

mime-types@~2.0.4:
  version "2.0.14"
  resolved "https://registry.yarnpkg.com/mime-types/-/mime-types-2.0.14.tgz#310e159db23e077f8bb22b748dabfa4957140aa6"
  dependencies:
    mime-db "~1.12.0"

mime-types@~2.1.15, mime-types@~2.1.6:
  version "2.1.17"
  resolved "https://registry.yarnpkg.com/mime-types/-/mime-types-2.1.17.tgz#09d7a393f03e995a79f8af857b70a9e0ab16557a"
  dependencies:
    mime-db "~1.30.0"

mime@1.3.4:
  version "1.3.4"
  resolved "https://registry.yarnpkg.com/mime/-/mime-1.3.4.tgz#115f9e3b6b3daf2959983cb38f149a2d40eb5d53"

minify@^2.0.0:
  version "2.1.8"
  resolved "https://registry.yarnpkg.com/minify/-/minify-2.1.8.tgz#9c1a6ee6ce86aca169146825b290c169662898c5"
  dependencies:
    clean-css "~3.4.1"
    css-b64-images "~0.2.5"
    debug "^2.6.8"
    execon "^1.2.9"
    html-minifier "^3.0.1"
    tomas "^1.0.2"
    try-catch "~1.0.0"
    uglify-js "^3.0.3"

minimatch@^3.0.2:
  version "3.0.4"
  resolved "https://registry.yarnpkg.com/minimatch/-/minimatch-3.0.4.tgz#5166e286457f03306064be5497e8dbb0c3d32083"
  dependencies:
    brace-expansion "^1.1.7"

minimist@0.0.8:
  version "0.0.8"
  resolved "https://registry.yarnpkg.com/minimist/-/minimist-0.0.8.tgz#857fcabfc3397d2625b8228262e86aa7a011b05d"

mkdirp@~0.5.0:
  version "0.5.1"
  resolved "https://registry.yarnpkg.com/mkdirp/-/mkdirp-0.5.1.tgz#30057438eac6cf7f8c4767f38648d6697d75c903"
  dependencies:
    minimist "0.0.8"

mollify@~1.0.3:
  version "1.0.8"
  resolved "https://registry.yarnpkg.com/mollify/-/mollify-1.0.8.tgz#2d258b42435f8fed199127930c2b37242866ad04"
  dependencies:
    minify "^2.0.0"
    ponse "^1.6.0"

ms@0.7.1:
  version "0.7.1"
  resolved "https://registry.yarnpkg.com/ms/-/ms-0.7.1.tgz#9cd13c03adbff25b65effde7ce864ee952017098"

ms@2.0.0:
  version "2.0.0"
  resolved "https://registry.yarnpkg.com/ms/-/ms-2.0.0.tgz#5608aeadfc00be6c2901df5f9861788de0d597c8"

ncname@1.0.x:
  version "1.0.0"
  resolved "https://registry.yarnpkg.com/ncname/-/ncname-1.0.0.tgz#5b57ad18b1ca092864ef62b0b1ed8194f383b71c"
  dependencies:
    xml-char-classes "^1.0.0"

negotiator@0.4.9:
  version "0.4.9"
  resolved "https://registry.yarnpkg.com/negotiator/-/negotiator-0.4.9.tgz#92e46b6db53c7e421ed64a2bc94f08be7630df3f"

negotiator@0.5.3:
  version "0.5.3"
  resolved "https://registry.yarnpkg.com/negotiator/-/negotiator-0.5.3.tgz#269d5c476810ec92edbe7b6c2f28316384f9a7e8"

no-case@^2.2.0:
  version "2.3.2"
  resolved "https://registry.yarnpkg.com/no-case/-/no-case-2.3.2.tgz#60b813396be39b3f1288a4c1ed5d1e7d28b464ac"
  dependencies:
    lower-case "^1.1.1"

object-component@0.0.3:
  version "0.0.3"
  resolved "https://registry.yarnpkg.com/object-component/-/object-component-0.0.3.tgz#f0c69aa50efc95b866c186f400a33769cb2f1291"

on-finished@~2.3.0:
  version "2.3.0"
  resolved "https://registry.yarnpkg.com/on-finished/-/on-finished-2.3.0.tgz#20f1336481b083cd75337992a16971aa2d906947"
  dependencies:
    ee-first "1.1.1"

once@^1.3.0:
  version "1.4.0"
  resolved "https://registry.yarnpkg.com/once/-/once-1.4.0.tgz#583b1aa775961d4b113ac17d9c50baef9dd76bd1"
  dependencies:
    wrappy "1"

options@>=0.0.5:
  version "0.0.6"
  resolved "https://registry.yarnpkg.com/options/-/options-0.0.6.tgz#ec22d312806bb53e731773e7cdaefcf1c643128f"

os-homedir@^1.0.0:
  version "1.0.2"
  resolved "https://registry.yarnpkg.com/os-homedir/-/os-homedir-1.0.2.tgz#ffbc4988336e0e833de0c168c7ef152121aa7fb3"

param-case@2.1.x:
  version "2.1.1"
  resolved "https://registry.yarnpkg.com/param-case/-/param-case-2.1.1.tgz#df94fd8cf6531ecf75e6bef9a0858fbc72be2247"
  dependencies:
    no-case "^2.2.0"

parsejson@0.0.1:
  version "0.0.1"
  resolved "https://registry.yarnpkg.com/parsejson/-/parsejson-0.0.1.tgz#9b10c6c0d825ab589e685153826de0a3ba278bcc"
  dependencies:
    better-assert "~1.0.0"

parseqs@0.0.2:
  version "0.0.2"
  resolved "https://registry.yarnpkg.com/parseqs/-/parseqs-0.0.2.tgz#9dfe70b2cddac388bde4f35b1f240fa58adbe6c7"
  dependencies:
    better-assert "~1.0.0"

parseuri@0.0.4:
  version "0.0.4"
  resolved "https://registry.yarnpkg.com/parseuri/-/parseuri-0.0.4.tgz#806582a39887e1ea18dd5e2fe0e01902268e9350"
  dependencies:
    better-assert "~1.0.0"

parseurl@~1.3.1:
  version "1.3.2"
  resolved "https://registry.yarnpkg.com/parseurl/-/parseurl-1.3.2.tgz#fc289d4ed8993119460c156253262cdc8de65bf3"

path-is-absolute@^1.0.0:
  version "1.0.1"
  resolved "https://registry.yarnpkg.com/path-is-absolute/-/path-is-absolute-1.0.1.tgz#174b9268735534ffbc7ace6bf53a5a9e1b5c5f5f"

path-to-regexp@0.1.7:
  version "0.1.7"
  resolved "https://registry.yarnpkg.com/path-to-regexp/-/path-to-regexp-0.1.7.tgz#df604178005f522f15eb4490e7247a1bfaa67f8c"

pipe-io@^2.0.1:
  version "2.0.5"
  resolved "https://registry.yarnpkg.com/pipe-io/-/pipe-io-2.0.5.tgz#faa30e51fdb00cc40bb6e4404d8b9e134c1f1f47"

ponse@^1.4.1, ponse@^1.6.0:
  version "1.6.1"
  resolved "https://registry.yarnpkg.com/ponse/-/ponse-1.6.1.tgz#2025e200bf7024605979001fba54482957ec0681"
  dependencies:
    debug "^3.0.0"
    execon "^1.2.0"
    extendy "^1.0.0"
    files-io "^1.2.0"
    itype "^2.0.0"

proxy-addr@~1.0.10:
  version "1.0.10"
  resolved "https://registry.yarnpkg.com/proxy-addr/-/proxy-addr-1.0.10.tgz#0d40a82f801fc355567d2ecb65efe3f077f121c5"
  dependencies:
    forwarded "~0.1.0"
    ipaddr.js "1.0.5"

pullout@^1.0.1:
  version "1.0.2"
  resolved "https://registry.yarnpkg.com/pullout/-/pullout-1.0.2.tgz#5345ea9fbad56dbc504ddb204f9227007b67d1e3"

qs@4.0.0:
  version "4.0.0"
  resolved "https://registry.yarnpkg.com/qs/-/qs-4.0.0.tgz#c31d9b74ec27df75e543a86c78728ed8d4623607"

range-parser@~1.0.3:
  version "1.0.3"
  resolved "https://registry.yarnpkg.com/range-parser/-/range-parser-1.0.3.tgz#6872823535c692e2c2a0103826afd82c2e0ff175"

readjson@~1.1.0:
  version "1.1.3"
  resolved "https://registry.yarnpkg.com/readjson/-/readjson-1.1.3.tgz#cb4c691551c6e4fee667f51c29cce2f5cea4593c"
  dependencies:
    try-catch "~1.0.0"

relateurl@0.2.x:
  version "0.2.7"
  resolved "https://registry.yarnpkg.com/relateurl/-/relateurl-0.2.7.tgz#54dbf377e51440aca90a4cd274600d3ff2d888a9"

rendy@~1.1.0:
  version "1.1.0"
  resolved "https://registry.yarnpkg.com/rendy/-/rendy-1.1.0.tgz#ba82b36b2debcec6fe19c555c037796b55adc337"

send@0.13.1:
  version "0.13.1"
  resolved "https://registry.yarnpkg.com/send/-/send-0.13.1.tgz#a30d5f4c82c8a9bae9ad00a1d9b1bdbe6f199ed7"
  dependencies:
    debug "~2.2.0"
    depd "~1.1.0"
    destroy "~1.0.4"
    escape-html "~1.0.3"
    etag "~1.7.0"
    fresh "0.3.0"
    http-errors "~1.3.1"
    mime "1.3.4"
    ms "0.7.1"
    on-finished "~2.3.0"
    range-parser "~1.0.3"
    statuses "~1.2.1"

send@0.13.2:
  version "0.13.2"
  resolved "https://registry.yarnpkg.com/send/-/send-0.13.2.tgz#765e7607c8055452bba6f0b052595350986036de"
  dependencies:
    debug "~2.2.0"
    depd "~1.1.0"
    destroy "~1.0.4"
    escape-html "~1.0.3"
    etag "~1.7.0"
    fresh "0.3.0"
    http-errors "~1.3.1"
    mime "1.3.4"
    ms "0.7.1"
    on-finished "~2.3.0"
    range-parser "~1.0.3"
    statuses "~1.2.1"

serve-static@~1.10.2:
  version "1.10.3"
  resolved "https://registry.yarnpkg.com/serve-static/-/serve-static-1.10.3.tgz#ce5a6ecd3101fed5ec09827dac22a9c29bfb0535"
  dependencies:
    escape-html "~1.0.3"
    parseurl "~1.3.1"
    send "0.13.2"

socket.io-adapter@0.4.0:
  version "0.4.0"
  resolved "https://registry.yarnpkg.com/socket.io-adapter/-/socket.io-adapter-0.4.0.tgz#fb9f82ab1aa65290bf72c3657955b930a991a24f"
  dependencies:
    debug "2.2.0"
    socket.io-parser "2.2.2"

socket.io-client@1.4.8:
  version "1.4.8"
  resolved "https://registry.yarnpkg.com/socket.io-client/-/socket.io-client-1.4.8.tgz#481b241e73df140ea1a4fb03486a85ad097f5558"
  dependencies:
    backo2 "1.0.2"
    component-bind "1.0.0"
    component-emitter "1.2.0"
    debug "2.2.0"
    engine.io-client "1.6.11"
    has-binary "0.1.7"
    indexof "0.0.1"
    object-component "0.0.3"
    parseuri "0.0.4"
    socket.io-parser "2.2.6"
    to-array "0.1.4"

socket.io-parser@2.2.2:
  version "2.2.2"
  resolved "https://registry.yarnpkg.com/socket.io-parser/-/socket.io-parser-2.2.2.tgz#3d7af6b64497e956b7d9fe775f999716027f9417"
  dependencies:
    benchmark "1.0.0"
    component-emitter "1.1.2"
    debug "0.7.4"
    isarray "0.0.1"
    json3 "3.2.6"

socket.io-parser@2.2.6:
  version "2.2.6"
  resolved "https://registry.yarnpkg.com/socket.io-parser/-/socket.io-parser-2.2.6.tgz#38dfd61df50dcf8ab1d9e2091322bf902ba28b99"
  dependencies:
    benchmark "1.0.0"
    component-emitter "1.1.2"
    debug "2.2.0"
    isarray "0.0.1"
    json3 "3.3.2"

socket.io@~1.4.3:
  version "1.4.8"
  resolved "https://registry.yarnpkg.com/socket.io/-/socket.io-1.4.8.tgz#e576f330cd0bed64e55b3fd26df991141884867b"
  dependencies:
    debug "2.2.0"
    engine.io "1.6.11"
    has-binary "0.1.7"
    socket.io-adapter "0.4.0"
    socket.io-client "1.4.8"
    socket.io-parser "2.2.6"

source-map@0.4.x:
  version "0.4.4"
  resolved "https://registry.yarnpkg.com/source-map/-/source-map-0.4.4.tgz#eba4f5da9c0dc999de68032d8b4f76173652036b"
  dependencies:
    amdefine ">=0.0.4"

source-map@0.5.x:
  version "0.5.7"
  resolved "https://registry.yarnpkg.com/source-map/-/source-map-0.5.7.tgz#8a039d2d1021d22d1ea14c80d8ea468ba2ef3fcc"

source-map@~0.6.1:
  version "0.6.1"
  resolved "https://registry.yarnpkg.com/source-map/-/source-map-0.6.1.tgz#74722af32e9614e9c287a8d0bbde48b5e2f1a263"

spawnify@~2.2.0:
  version "2.2.0"
  resolved "https://registry.yarnpkg.com/spawnify/-/spawnify-2.2.0.tgz#111f7c15c4429b10196f0e8dd666e806cdb39030"
  dependencies:
    glob "~7.0.0"
    try-catch "~1.0.0"
    untildify "~2.1.0"
    win32 "~0.9.4"

statuses@1:
  version "1.4.0"
  resolved "https://registry.yarnpkg.com/statuses/-/statuses-1.4.0.tgz#bb73d446da2796106efcc1b601a253d6c46bd087"

statuses@~1.2.1:
  version "1.2.1"
  resolved "https://registry.yarnpkg.com/statuses/-/statuses-1.2.1.tgz#dded45cc18256d51ed40aec142489d5c61026d28"

timem@~1.1.0:
  version "1.1.2"
  resolved "https://registry.yarnpkg.com/timem/-/timem-1.1.2.tgz#fe93006c28253a8da5c49299306991fa4cc4f40c"

to-array@0.1.4:
  version "0.1.4"
  resolved "https://registry.yarnpkg.com/to-array/-/to-array-0.1.4.tgz#17e6c11f73dd4f3d74cda7a4ff3238e9ad9bf890"

tomas@^1.0.2:
  version "1.0.2"
  resolved "https://registry.yarnpkg.com/tomas/-/tomas-1.0.2.tgz#d1e47fcc17e616977b859ef1ffe497bb9dd3cf69"
  dependencies:
    checkup "~1.3.0"
    execon "~1.2.0"
    ischanged "~1.0.7"
    mkdirp "~0.5.0"

try-catch@~1.0.0:
  version "1.0.0"
  resolved "https://registry.yarnpkg.com/try-catch/-/try-catch-1.0.0.tgz#3797dab39a266775f4d0da5cbf42aca3f03608e6"

type-is@~1.6.6:
  version "1.6.15"
  resolved "https://registry.yarnpkg.com/type-is/-/type-is-1.6.15.tgz#cab10fb4909e441c82842eafe1ad646c81804410"
  dependencies:
    media-typer "0.3.0"
    mime-types "~2.1.15"

uglify-js@3.1.x, uglify-js@^3.0.3:
  version "3.1.6"
  resolved "https://registry.yarnpkg.com/uglify-js/-/uglify-js-3.1.6.tgz#918832602036e95d2318e11f27ee8461a8592c5d"
  dependencies:
    commander "~2.11.0"
    source-map "~0.6.1"

ultron@1.0.x:
  version "1.0.2"
  resolved "https://registry.yarnpkg.com/ultron/-/ultron-1.0.2.tgz#ace116ab557cd197386a4e88f4685378c8b2e4fa"

unpipe@~1.0.0:
  version "1.0.0"
  resolved "https://registry.yarnpkg.com/unpipe/-/unpipe-1.0.0.tgz#b2bf4ee8514aae6165b4817829d21b2ef49904ec"

untildify@~2.1.0:
  version "2.1.0"
  resolved "https://registry.yarnpkg.com/untildify/-/untildify-2.1.0.tgz#17eb2807987f76952e9c0485fc311d06a826a2e0"
  dependencies:
    os-homedir "^1.0.0"

upper-case@^1.1.1:
  version "1.1.3"
  resolved "https://registry.yarnpkg.com/upper-case/-/upper-case-1.1.3.tgz#f6b4501c2ec4cdd26ba78be7222961de77621598"

utf8@2.1.0:
  version "2.1.0"
  resolved "https://registry.yarnpkg.com/utf8/-/utf8-2.1.0.tgz#0cfec5c8052d44a23e3aaa908104e8075f95dfd5"

utils-merge@1.0.0:
  version "1.0.0"
  resolved "https://registry.yarnpkg.com/utils-merge/-/utils-merge-1.0.0.tgz#0294fb922bb9375153541c4f7096231f287c8af8"

vary@~1.0.1:
  version "1.0.1"
  resolved "https://registry.yarnpkg.com/vary/-/vary-1.0.1.tgz#99e4981566a286118dfb2b817357df7993376d10"

win32@~0.9.4:
  version "0.9.12"
  resolved "https://registry.yarnpkg.com/win32/-/win32-0.9.12.tgz#3e28b5f908dee74b84e313e07f4c78f24b113600"
  dependencies:
    pullout "^1.0.1"

wrappy@1:
  version "1.0.2"
  resolved "https://registry.yarnpkg.com/wrappy/-/wrappy-1.0.2.tgz#b5243d8f3ec1aa35f1364605bc0d1036e30ab69f"

writejson@~1.1.0:
  version "1.1.1"
  resolved "https://registry.yarnpkg.com/writejson/-/writejson-1.1.1.tgz#2a7241e50a8106c3b6c10aaeb56d5ae0a60930aa"
  dependencies:
    try-catch "~1.0.0"

ws@1.0.1:
  version "1.0.1"
  resolved "https://registry.yarnpkg.com/ws/-/ws-1.0.1.tgz#7d0b2a2e58cddd819039c29c9de65045e1b310e9"
  dependencies:
    options ">=0.0.5"
    ultron "1.0.x"

ws@1.1.0:
  version "1.1.0"
  resolved "https://registry.yarnpkg.com/ws/-/ws-1.1.0.tgz#c1d6fd1515d3ceff1f0ae2759bf5fd77030aad1d"
  dependencies:
    options ">=0.0.5"
    ultron "1.0.x"

xml-char-classes@^1.0.0:
  version "1.0.0"
  resolved "https://registry.yarnpkg.com/xml-char-classes/-/xml-char-classes-1.0.0.tgz#64657848a20ffc5df583a42ad8a277b4512bbc4d"

xmlhttprequest-ssl@1.5.1:
  version "1.5.1"
  resolved "https://registry.yarnpkg.com/xmlhttprequest-ssl/-/xmlhttprequest-ssl-1.5.1.tgz#3b7741fea4a86675976e908d296d4445961faa67"

yeast@0.1.2:
  version "0.1.2"
  resolved "https://registry.yarnpkg.com/yeast/-/yeast-0.1.2.tgz#008e06d8094320c372dbc2f8ed76a0ca6c8ac419"
