
Microsoft Visual Studio Solution File, Format Version 12.00
# Visual Studio 15
VisualStudioVersion = 15.0.27703.2000
MinimumVisualStudioVersion = 10.0.40219.1
Project("{FAE04EC0-301F-11D3-BF4B-00C04F79EFBC}") = "VulnerableDotNet", "VulnerableDotNet\VulnerableDotNet.csproj", "{E89ABDE6-5382-488C-B4F1-5B62ED183017}"
EndProject
Global
	GlobalSection(SolutionConfigurationPlatforms) = preSolution
		Debug|Any CPU = Debug|Any CPU
		Release|Any CPU = Release|Any CPU
	EndGlobalSection
	GlobalSection(ProjectConfigurationPlatforms) = postSolution
		{E89ABDE6-5382-488C-B4F1-5B62ED183017}.Debug|Any CPU.ActiveCfg = Debug|Any CPU
		{E89ABDE6-5382-488C-B4F1-5B62ED183017}.Debug|Any CPU.Build.0 = Debug|Any CPU
		{E89ABDE6-5382-488C-B4F1-5B62ED183017}.Release|Any CPU.ActiveCfg = Release|Any CPU
		{E89ABDE6-5382-488C-B4F1-5B62ED183017}.Release|Any CPU.Build.0 = Release|Any CPU
	EndGlobalSection
	GlobalSection(SolutionProperties) = preSolution
		HideSolutionNode = FALSE
	EndGlobalSection
	GlobalSection(ExtensibilityGlobals) = postSolution
		SolutionGuid = {242A631B-46E3-43B3-B31C-821B5B1DCDA0}
	EndGlobalSection
EndGlobal
